
Microsoft Visual Studio Solution File, Format Version 12.00
# Visual Studio Version 16
VisualStudioVersion = 16.0.31911.196
MinimumVisualStudioVersion = 10.0.40219.1
Project("{9A19103F-16F7-4668-BE54-9A1E7A4F7556}") = "CarRentalManagement.Server", "CarRentalManagement\Server\CarRentalManagement.Server.csproj", "{8944D9F2-BADF-4DC1-BDE4-C1B4A8BC3EFB}"
EndProject
Project("{9A19103F-16F7-4668-BE54-9A1E7A4F7556}") = "CarRentalManagement.Client", "CarRentalManagement\Client\CarRentalManagement.Client.csproj", "{64A0D7BA-DE18-4562-AA52-B8515D76589F}"
EndProject
Project("{9A19103F-16F7-4668-BE54-9A1E7A4F7556}") = "CarRentalManagement.Shared", "CarRentalManagement\Shared\CarRentalManagement.Shared.csproj", "{B758BB7E-94CD-4517-A9A6-046B9A09A38F}"
EndProject
Global
	GlobalSection(SolutionConfigurationPlatforms) = preSolution
		Debug|Any CPU = Debug|Any CPU
		Release|Any CPU = Release|Any CPU
	EndGlobalSection
	GlobalSection(ProjectConfigurationPlatforms) = postSolution
		{8944D9F2-BADF-4DC1-BDE4-C1B4A8BC3EFB}.Debug|Any CPU.ActiveCfg = Debug|Any CPU
		{8944D9F2-BADF-4DC1-BDE4-C1B4A8BC3EFB}.Debug|Any CPU.Build.0 = Debug|Any CPU
		{8944D9F2-BADF-4DC1-BDE4-C1B4A8BC3EFB}.Release|Any CPU.ActiveCfg = Release|Any CPU
		{8944D9F2-BADF-4DC1-BDE4-C1B4A8BC3EFB}.Release|Any CPU.Build.0 = Release|Any CPU
		{64A0D7BA-DE18-4562-AA52-B8515D76589F}.Debug|Any CPU.ActiveCfg = Debug|Any CPU
		{64A0D7BA-DE18-4562-AA52-B8515D76589F}.Debug|Any CPU.Build.0 = Debug|Any CPU
		{64A0D7BA-DE18-4562-AA52-B8515D76589F}.Release|Any CPU.ActiveCfg = Release|Any CPU
		{64A0D7BA-DE18-4562-AA52-B8515D76589F}.Release|Any CPU.Build.0 = Release|Any CPU
		{B758BB7E-94CD-4517-A9A6-046B9A09A38F}.Debug|Any CPU.ActiveCfg = Debug|Any CPU
		{B758BB7E-94CD-4517-A9A6-046B9A09A38F}.Debug|Any CPU.Build.0 = Debug|Any CPU
		{B758BB7E-94CD-4517-A9A6-046B9A09A38F}.Release|Any CPU.ActiveCfg = Release|Any CPU
		{B758BB7E-94CD-4517-A9A6-046B9A09A38F}.Release|Any CPU.Build.0 = Release|Any CPU
	EndGlobalSection
	GlobalSection(SolutionProperties) = preSolution
		HideSolutionNode = FALSE
	EndGlobalSection
	GlobalSection(ExtensibilityGlobals) = postSolution
		SolutionGuid = {AD9BA122-C382-4442-9554-28F4537AC172}
	EndGlobalSection
EndGlobal
